
Microsoft Visual Studio Solution File, Format Version 12.00
# Visual Studio 15
Project("{FAE04EC0-301F-11D3-BF4B-00C04F79EFBC}") = "Assembly-CSharp", "Assembly-CSharp.csproj", "{70C87F5B-AF1F-A94B-6B9C-D8BB9020254B}"
EndProject
Project("{FAE04EC0-301F-11D3-BF4B-00C04F79EFBC}") = "Wx", "Wx.csproj", "{19E7DD83-11E9-ECCC-811D-A559301903DD}"
EndProject
Project("{FAE04EC0-301F-11D3-BF4B-00C04F79EFBC}") = "WxEditor", "WxEditor.csproj", "{ADF2FA37-D4C0-1A58-18BA-C264D8D461B7}"
EndProject
Global
	GlobalSection(SolutionConfigurationPlatforms) = preSolution
		Debug|Any CPU = Debug|Any CPU
		Release|Any CPU = Release|Any CPU
	EndGlobalSection
	GlobalSection(ProjectConfigurationPlatforms) = postSolution
		{70C87F5B-AF1F-A94B-6B9C-D8BB9020254B}.Debug|Any CPU.ActiveCfg = Debug|Any CPU
		{70C87F5B-AF1F-A94B-6B9C-D8BB9020254B}.Debug|Any CPU.Build.0 = Debug|Any CPU
		{70C87F5B-AF1F-A94B-6B9C-D8BB9020254B}.Release|Any CPU.ActiveCfg = Release|Any CPU
		{70C87F5B-AF1F-A94B-6B9C-D8BB9020254B}.Release|Any CPU.Build.0 = Release|Any CPU
		{19E7DD83-11E9-ECCC-811D-A559301903DD}.Debug|Any CPU.ActiveCfg = Debug|Any CPU
		{19E7DD83-11E9-ECCC-811D-A559301903DD}.Debug|Any CPU.Build.0 = Debug|Any CPU
		{19E7DD83-11E9-ECCC-811D-A559301903DD}.Release|Any CPU.ActiveCfg = Release|Any CPU
		{19E7DD83-11E9-ECCC-811D-A559301903DD}.Release|Any CPU.Build.0 = Release|Any CPU
		{ADF2FA37-D4C0-1A58-18BA-C264D8D461B7}.Debug|Any CPU.ActiveCfg = Debug|Any CPU
		{ADF2FA37-D4C0-1A58-18BA-C264D8D461B7}.Debug|Any CPU.Build.0 = Debug|Any CPU
		{ADF2FA37-D4C0-1A58-18BA-C264D8D461B7}.Release|Any CPU.ActiveCfg = Release|Any CPU
		{ADF2FA37-D4C0-1A58-18BA-C264D8D461B7}.Release|Any CPU.Build.0 = Release|Any CPU
	EndGlobalSection
	GlobalSection(SolutionProperties) = preSolution
		HideSolutionNode = FALSE
	EndGlobalSection
EndGlobal
